
Microsoft Visual Studio Solution File, Format Version 12.00
# Visual Studio Version 17
VisualStudioVersion = 17.0.31903.59
MinimumVisualStudioVersion = 10.0.40219.1
Project("{FAE04EC0-301F-11D3-BF4B-00C04F79EFBC}") = "Domain", "Domain\Domain.csproj", "{AF59F98B-BC7D-4DCD-B492-25932B61F253}"
EndProject
Project("{FAE04EC0-301F-11D3-BF4B-00C04F79EFBC}") = "Infrostructure", "Infrostructure\Infrostructure.csproj", "{72BC2072-9885-4460-8801-4C522F2DB923}"
EndProject
Project("{FAE04EC0-301F-11D3-BF4B-00C04F79EFBC}") = "WebApi", "WebApi\WebApi.csproj", "{46C59AAF-F66A-4544-AF19-CF7EA852365F}"
EndProject
Global
	GlobalSection(SolutionConfigurationPlatforms) = preSolution
		Debug|Any CPU = Debug|Any CPU
		Release|Any CPU = Release|Any CPU
	EndGlobalSection
	GlobalSection(SolutionProperties) = preSolution
		HideSolutionNode = FALSE
	EndGlobalSection
	GlobalSection(ProjectConfigurationPlatforms) = postSolution
		{AF59F98B-BC7D-4DCD-B492-25932B61F253}.Debug|Any CPU.ActiveCfg = Debug|Any CPU
		{AF59F98B-BC7D-4DCD-B492-25932B61F253}.Debug|Any CPU.Build.0 = Debug|Any CPU
		{AF59F98B-BC7D-4DCD-B492-25932B61F253}.Release|Any CPU.ActiveCfg = Release|Any CPU
		{AF59F98B-BC7D-4DCD-B492-25932B61F253}.Release|Any CPU.Build.0 = Release|Any CPU
		{72BC2072-9885-4460-8801-4C522F2DB923}.Debug|Any CPU.ActiveCfg = Debug|Any CPU
		{72BC2072-9885-4460-8801-4C522F2DB923}.Debug|Any CPU.Build.0 = Debug|Any CPU
		{72BC2072-9885-4460-8801-4C522F2DB923}.Release|Any CPU.ActiveCfg = Release|Any CPU
		{72BC2072-9885-4460-8801-4C522F2DB923}.Release|Any CPU.Build.0 = Release|Any CPU
		{46C59AAF-F66A-4544-AF19-CF7EA852365F}.Debug|Any CPU.ActiveCfg = Debug|Any CPU
		{46C59AAF-F66A-4544-AF19-CF7EA852365F}.Debug|Any CPU.Build.0 = Debug|Any CPU
		{46C59AAF-F66A-4544-AF19-CF7EA852365F}.Release|Any CPU.ActiveCfg = Release|Any CPU
		{46C59AAF-F66A-4544-AF19-CF7EA852365F}.Release|Any CPU.Build.0 = Release|Any CPU
	EndGlobalSection
EndGlobal
